
Microsoft Visual Studio Solution File, Format Version 12.00
# Visual Studio Version 17
VisualStudioVersion = 17.10.35027.167
MinimumVisualStudioVersion = 10.0.40219.1
Project("{54A90642-561A-4BB1-A94E-469ADEE60C69}") = "equipment-booking-portal", "equipment-booking-portal\equipment-booking-portal.esproj", "{58839DF2-F671-4A4E-B071-D3DB8E7A5580}"
EndProject
Global
	GlobalSection(SolutionConfigurationPlatforms) = preSolution
		Debug|Any CPU = Debug|Any CPU
		Release|Any CPU = Release|Any CPU
	EndGlobalSection
	GlobalSection(ProjectConfigurationPlatforms) = postSolution
		{58839DF2-F671-4A4E-B071-D3DB8E7A5580}.Debug|Any CPU.ActiveCfg = Debug|Any CPU
		{58839DF2-F671-4A4E-B071-D3DB8E7A5580}.Debug|Any CPU.Build.0 = Debug|Any CPU
		{58839DF2-F671-4A4E-B071-D3DB8E7A5580}.Debug|Any CPU.Deploy.0 = Debug|Any CPU
		{58839DF2-F671-4A4E-B071-D3DB8E7A5580}.Release|Any CPU.ActiveCfg = Release|Any CPU
		{58839DF2-F671-4A4E-B071-D3DB8E7A5580}.Release|Any CPU.Build.0 = Release|Any CPU
		{58839DF2-F671-4A4E-B071-D3DB8E7A5580}.Release|Any CPU.Deploy.0 = Release|Any CPU
	EndGlobalSection
	GlobalSection(SolutionProperties) = preSolution
		HideSolutionNode = FALSE
	EndGlobalSection
	GlobalSection(ExtensibilityGlobals) = postSolution
		SolutionGuid = {DC2AFB8F-5DBD-452C-AF02-95022D18CF4D}
	EndGlobalSection
EndGlobal
